
Microsoft Visual Studio Solution File, Format Version 12.00
# Visual Studio Version 17
VisualStudioVersion = 17.5.002.0
MinimumVisualStudioVersion = 10.0.40219.1
Project("{2150E333-8FDC-42A3-9474-1A3956D46DE8}") = "BackEnd", "BackEnd", "{32FB0FE3-48F0-474D-AE44-636A3156CD1E}"
EndProject
Project("{9A19103F-16F7-4668-BE54-9A1E7A4F7556}") = "gullemDapper", "BackEnd\gullemDapper\gullemDapper.csproj", "{5A14B6B5-B263-4FE0-ADC9-DFD8262BC2AB}"
EndProject
Global
	GlobalSection(SolutionConfigurationPlatforms) = preSolution
		Debug|Any CPU = Debug|Any CPU
		Release|Any CPU = Release|Any CPU
	EndGlobalSection
	GlobalSection(ProjectConfigurationPlatforms) = postSolution
		{5A14B6B5-B263-4FE0-ADC9-DFD8262BC2AB}.Debug|Any CPU.ActiveCfg = Debug|Any CPU
		{5A14B6B5-B263-4FE0-ADC9-DFD8262BC2AB}.Debug|Any CPU.Build.0 = Debug|Any CPU
		{5A14B6B5-B263-4FE0-ADC9-DFD8262BC2AB}.Release|Any CPU.ActiveCfg = Release|Any CPU
		{5A14B6B5-B263-4FE0-ADC9-DFD8262BC2AB}.Release|Any CPU.Build.0 = Release|Any CPU
	EndGlobalSection
	GlobalSection(SolutionProperties) = preSolution
		HideSolutionNode = FALSE
	EndGlobalSection
	GlobalSection(NestedProjects) = preSolution
		{5A14B6B5-B263-4FE0-ADC9-DFD8262BC2AB} = {32FB0FE3-48F0-474D-AE44-636A3156CD1E}
	EndGlobalSection
	GlobalSection(ExtensibilityGlobals) = postSolution
		SolutionGuid = {524F7884-45F7-4376-A65B-B37AA669BE01}
	EndGlobalSection
EndGlobal
